Microsoft Visual Studio Solution File, Format Version 11.00
# Visual Studio 2008

Project("{F50A713A-BDA3-12CC-D5B3-1D4A744E07D7}") = "FakeWorld", "Assembly-CSharp.csproj", "{DB681C1F-45D1-E214-F989-F27519826AD1}"
EndProject
Global
	GlobalSection(SolutionConfigurationPlatforms) = preSolution
		Debug|Any CPU = Debug|Any CPU
		Release|Any CPU = Release|Any CPU
	EndGlobalSection
	GlobalSection(ProjectConfigurationPlatforms) = postSolution
		{DB681C1F-45D1-E214-F989-F27519826AD1}.Debug|Any CPU.ActiveCfg = Debug|Any CPU
		{DB681C1F-45D1-E214-F989-F27519826AD1}.Debug|Any CPU.Build.0 = Debug|Any CPU
		{DB681C1F-45D1-E214-F989-F27519826AD1}.Release|Any CPU.ActiveCfg = Release|Any CPU
		{DB681C1F-45D1-E214-F989-F27519826AD1}.Release|Any CPU.Build.0 = Release|Any CPU
	EndGlobalSection
	GlobalSection(SolutionProperties) = preSolution
		HideSolutionNode = FALSE
	EndGlobalSection
	GlobalSection(MonoDevelopProperties) = preSolution
		StartupItem = Assembly-CSharp.csproj
	EndGlobalSection
EndGlobal
